{
  "version": 4,
  "terraform_version": "1.12.2",
  "serial": 42,
  "lineage": "a3213c26-4c5a-7f3e-4e32-0f05aa4274d8",
  "outputs": {},
  "resources": [
    {
      "mode": "data",
      "type": "google_project",
      "name": "dev_project",
      "provider": "provider[\"registry.terraform.io/hashicorp/google\"]",
      "instances": [
        {
          "schema_version": 0,
          "attributes": {
            "auto_create_network": null,
            "billing_account": "01FD2B-401971-C66A97",
            "deletion_policy": "PREVENT",
            "effective_labels": {},
            "folder_id": null,
            "id": "projects/my-rag-agent-example",
            "labels": {},
            "name": "My RAG Agent Example",
            "number": "305276907575",
            "org_id": null,
            "project_id": "my-rag-agent-example",
            "tags": null,
            "terraform_labels": {}
          },
          "sensitive_attributes": [],
          "identity_schema_version": 0
        }
      ]
    },
    {
      "mode": "managed",
      "type": "google_bigquery_dataset",
      "name": "feedback_dataset",
      "provider": "provider[\"registry.terraform.io/hashicorp/google\"]",
      "instances": [
        {
          "schema_version": 0,
          "attributes": {
            "access": [
              {
                "condition": [],
                "dataset": [],
                "domain": "",
                "group_by_email": "",
                "iam_member": "",
                "role": "OWNER",
                "routine": [],
                "special_group": "",
                "user_by_email": "vadxin@gmail.com",
                "view": []
              },
              {
                "condition": [],
                "dataset": [],
                "domain": "",
                "group_by_email": "",
                "iam_member": "",
                "role": "OWNER",
                "routine": [],
                "special_group": "projectOwners",
                "user_by_email": "",
                "view": []
              },
              {
                "condition": [],
                "dataset": [],
                "domain": "",
                "group_by_email": "",
                "iam_member": "",
                "role": "READER",
                "routine": [],
                "special_group": "projectReaders",
                "user_by_email": "",
                "view": []
              },
              {
                "condition": [],
                "dataset": [],
                "domain": "",
                "group_by_email": "",
                "iam_member": "",
                "role": "WRITER",
                "routine": [],
                "special_group": "projectWriters",
                "user_by_email": "",
                "view": []
              }
            ],
            "creation_time": 1750047818921,
            "dataset_id": "my_rag_agent_from_gcs_feedback",
            "default_collation": "",
            "default_encryption_configuration": [],
            "default_partition_expiration_ms": 0,
            "default_table_expiration_ms": 0,
            "delete_contents_on_destroy": false,
            "description": "",
            "effective_labels": {
              "goog-terraform-provisioned": "true"
            },
            "etag": "D3BMlnfa8bqO/d8i+q70rg==",
            "external_catalog_dataset_options": [],
            "external_dataset_reference": [],
            "friendly_name": "my-rag-agent-from-gcs_feedback",
            "id": "projects/my-rag-agent-example/datasets/my_rag_agent_from_gcs_feedback",
            "is_case_insensitive": false,
            "labels": null,
            "last_modified_time": 1750047818921,
            "location": "us-central1",
            "max_time_travel_hours": "168",
            "project": "my-rag-agent-example",
            "resource_tags": null,
            "self_link": "https://bigquery.googleapis.com/bigquery/v2/projects/my-rag-agent-example/datasets/my_rag_agent_from_gcs_feedback",
            "storage_billing_model": "",
            "terraform_labels": {
              "goog-terraform-provisioned": "true"
            },
            "timeouts": null
          },
          "sensitive_attributes": [],
          "identity_schema_version": 0,
          "private": "eyJlMmJmYjczMC1lY2FhLTExZTYtOGY4OC0zNDM2M2JjN2M0YzAiOnsiY3JlYXRlIjoxMjAwMDAwMDAwMDAwLCJkZWxldGUiOjEyMDAwMDAwMDAwMDAsInVwZGF0ZSI6MTIwMDAwMDAwMDAwMH19",
          "dependencies": [
            "google_project_service.services"
          ]
        }
      ]
    },
    {
      "mode": "managed",
      "type": "google_bigquery_dataset",
      "name": "telemetry_logs_dataset",
      "provider": "provider[\"registry.terraform.io/hashicorp/google\"]",
      "instances": [
        {
          "schema_version": 0,
          "attributes": {
            "access": [
              {
                "condition": [],
                "dataset": [],
                "domain": "",
                "group_by_email": "",
                "iam_member": "",
                "role": "OWNER",
                "routine": [],
                "special_group": "",
                "user_by_email": "vadxin@gmail.com",
                "view": []
              },
              {
                "condition": [],
                "dataset": [],
                "domain": "",
                "group_by_email": "",
                "iam_member": "",
                "role": "OWNER",
                "routine": [],
                "special_group": "projectOwners",
                "user_by_email": "",
                "view": []
              },
              {
                "condition": [],
                "dataset": [],
                "domain": "",
                "group_by_email": "",
                "iam_member": "",
                "role": "READER",
                "routine": [],
                "special_group": "projectReaders",
                "user_by_email": "",
                "view": []
              },
              {
                "condition": [],
                "dataset": [],
                "domain": "",
                "group_by_email": "",
                "iam_member": "",
                "role": "WRITER",
                "routine": [],
                "special_group": "projectWriters",
                "user_by_email": "",
                "view": []
              }
            ],
            "creation_time": 1750047819519,
            "dataset_id": "my_rag_agent_from_gcs_telemetry",
            "default_collation": "",
            "default_encryption_configuration": [],
            "default_partition_expiration_ms": 0,
            "default_table_expiration_ms": 0,
            "delete_contents_on_destroy": false,
            "description": "",
            "effective_labels": {
              "goog-terraform-provisioned": "true"
            },
            "etag": "ykUViWFUgK9OuM37TiX5vg==",
            "external_catalog_dataset_options": [],
            "external_dataset_reference": [],
            "friendly_name": "my-rag-agent-from-gcs_telemetry",
            "id": "projects/my-rag-agent-example/datasets/my_rag_agent_from_gcs_telemetry",
            "is_case_insensitive": false,
            "labels": null,
            "last_modified_time": 1750047819519,
            "location": "us-central1",
            "max_time_travel_hours": "168",
            "project": "my-rag-agent-example",
            "resource_tags": null,
            "self_link": "https://bigquery.googleapis.com/bigquery/v2/projects/my-rag-agent-example/datasets/my_rag_agent_from_gcs_telemetry",
            "storage_billing_model": "",
            "terraform_labels": {
              "goog-terraform-provisioned": "true"
            },
            "timeouts": null
          },
          "sensitive_attributes": [],
          "identity_schema_version": 0,
          "private": "eyJlMmJmYjczMC1lY2FhLTExZTYtOGY4OC0zNDM2M2JjN2M0YzAiOnsiY3JlYXRlIjoxMjAwMDAwMDAwMDAwLCJkZWxldGUiOjEyMDAwMDAwMDAwMDAsInVwZGF0ZSI6MTIwMDAwMDAwMDAwMH19",
          "dependencies": [
            "google_project_service.services"
          ]
        }
      ]
    },
    {
      "mode": "managed",
      "type": "google_project_iam_member",
      "name": "bigquery_data_editor",
      "provider": "provider[\"registry.terraform.io/hashicorp/google\"]",
      "instances": [
        {
          "schema_version": 0,
          "attributes": {
            "condition": [],
            "etag": "BwY3qMLMQJo=",
            "id": "my-rag-agent-example/roles/bigquery.dataEditor/serviceAccount:service-305276907575@gcp-sa-logging.iam.gserviceaccount.com",
            "member": "serviceAccount:service-305276907575@gcp-sa-logging.iam.gserviceaccount.com",
            "project": "my-rag-agent-example",
            "role": "roles/bigquery.dataEditor"
          },
          "sensitive_attributes": [],
          "identity_schema_version": 0,
          "private": "bnVsbA==",
          "dependencies": [
            "google_bigquery_dataset.telemetry_logs_dataset",
            "google_project_service.services",
            "module.log_export_to_bigquery.google_logging_billing_account_sink.sink",
            "module.log_export_to_bigquery.google_logging_folder_sink.sink",
            "module.log_export_to_bigquery.google_logging_organization_sink.sink",
            "module.log_export_to_bigquery.google_logging_project_sink.sink"
          ]
        }
      ]
    },
    {
      "mode": "managed",
      "type": "google_project_iam_member",
      "name": "default_compute_sa_storage_object_creator",
      "provider": "provider[\"registry.terraform.io/hashicorp/google\"]",
      "instances": [
        {
          "schema_version": 0,
          "attributes": {
            "condition": [],
            "etag": "BwY3qMLMQJo=",
            "id": "my-rag-agent-example/roles/cloudbuild.builds.builder/serviceAccount:305276907575-compute@developer.gserviceaccount.com",
            "member": "serviceAccount:305276907575-compute@developer.gserviceaccount.com",
            "project": "my-rag-agent-example",
            "role": "roles/cloudbuild.builds.builder"
          },
          "sensitive_attributes": [],
          "identity_schema_version": 0,
          "private": "bnVsbA==",
          "dependencies": [
            "data.google_project.dev_project",
            "google_project_service.services"
          ]
        }
      ]
    },
    {
      "mode": "managed",
      "type": "google_project_iam_member",
      "name": "vertex_ai_sa_permissions",
      "provider": "provider[\"registry.terraform.io/hashicorp/google\"]",
      "instances": [
        {
          "index_key": "dev,roles/aiplatform.user",
          "schema_version": 0,
          "attributes": {
            "condition": [],
            "etag": "BwY3qMLMQJo=",
            "id": "my-rag-agent-example/roles/aiplatform.user/serviceAccount:service-305276907575@gcp-sa-aiplatform.iam.gserviceaccount.com",
            "member": "serviceAccount:service-305276907575@gcp-sa-aiplatform.iam.gserviceaccount.com",
            "project": "my-rag-agent-example",
            "role": "roles/aiplatform.user"
          },
          "sensitive_attributes": [],
          "identity_schema_version": 0,
          "private": "bnVsbA==",
          "dependencies": [
            "google_project_service.services",
            "google_project_service_identity.vertex_sa"
          ]
        },
        {
          "index_key": "dev,roles/cloudtrace.agent",
          "schema_version": 0,
          "attributes": {
            "condition": [],
            "etag": "BwY3qMLMQJo=",
            "id": "my-rag-agent-example/roles/cloudtrace.agent/serviceAccount:service-305276907575@gcp-sa-aiplatform.iam.gserviceaccount.com",
            "member": "serviceAccount:service-305276907575@gcp-sa-aiplatform.iam.gserviceaccount.com",
            "project": "my-rag-agent-example",
            "role": "roles/cloudtrace.agent"
          },
          "sensitive_attributes": [],
          "identity_schema_version": 0,
          "private": "bnVsbA==",
          "dependencies": [
            "google_project_service.services",
            "google_project_service_identity.vertex_sa"
          ]
        },
        {
          "index_key": "dev,roles/discoveryengine.editor",
          "schema_version": 0,
          "attributes": {
            "condition": [],
            "etag": "BwY3qMLMQJo=",
            "id": "my-rag-agent-example/roles/discoveryengine.editor/serviceAccount:service-305276907575@gcp-sa-aiplatform.iam.gserviceaccount.com",
            "member": "serviceAccount:service-305276907575@gcp-sa-aiplatform.iam.gserviceaccount.com",
            "project": "my-rag-agent-example",
            "role": "roles/discoveryengine.editor"
          },
          "sensitive_attributes": [],
          "identity_schema_version": 0,
          "private": "bnVsbA==",
          "dependencies": [
            "google_project_service.services",
            "google_project_service_identity.vertex_sa"
          ]
        },
        {
          "index_key": "dev,roles/logging.logWriter",
          "schema_version": 0,
          "attributes": {
            "condition": [],
            "etag": "BwY3qMLMQJo=",
            "id": "my-rag-agent-example/roles/logging.logWriter/serviceAccount:service-305276907575@gcp-sa-aiplatform.iam.gserviceaccount.com",
            "member": "serviceAccount:service-305276907575@gcp-sa-aiplatform.iam.gserviceaccount.com",
            "project": "my-rag-agent-example",
            "role": "roles/logging.logWriter"
          },
          "sensitive_attributes": [],
          "identity_schema_version": 0,
          "private": "bnVsbA==",
          "dependencies": [
            "google_project_service.services",
            "google_project_service_identity.vertex_sa"
          ]
        },
        {
          "index_key": "dev,roles/storage.admin",
          "schema_version": 0,
          "attributes": {
            "condition": [],
            "etag": "BwY3qMLMQJo=",
            "id": "my-rag-agent-example/roles/storage.admin/serviceAccount:service-305276907575@gcp-sa-aiplatform.iam.gserviceaccount.com",
            "member": "serviceAccount:service-305276907575@gcp-sa-aiplatform.iam.gserviceaccount.com",
            "project": "my-rag-agent-example",
            "role": "roles/storage.admin"
          },
          "sensitive_attributes": [],
          "identity_schema_version": 0,
          "private": "bnVsbA==",
          "dependencies": [
            "google_project_service.services",
            "google_project_service_identity.vertex_sa"
          ]
        }
      ]
    },
    {
      "mode": "managed",
      "type": "google_project_iam_member",
      "name": "vertexai_pipeline_sa_roles",
      "provider": "provider[\"registry.terraform.io/hashicorp/google\"]",
      "instances": [
        {
          "index_key": "dev,roles/aiplatform.user",
          "schema_version": 0,
          "attributes": {
            "condition": [],
            "etag": "BwY3qMNuhxk=",
            "id": "my-rag-agent-example/roles/aiplatform.user/serviceAccount:my-rag-agent-from-gcs-rag@my-rag-agent-example.iam.gserviceaccount.com",
            "member": "serviceAccount:my-rag-agent-from-gcs-rag@my-rag-agent-example.iam.gserviceaccount.com",
            "project": "my-rag-agent-example",
            "role": "roles/aiplatform.user"
          },
          "sensitive_attributes": [],
          "identity_schema_version": 0,
          "private": "bnVsbA==",
          "dependencies": [
            "google_project_service.services",
            "google_service_account.vertexai_pipeline_app_sa"
          ]
        },
        {
          "index_key": "dev,roles/artifactregistry.writer",
          "schema_version": 0,
          "attributes": {
            "condition": [],
            "etag": "BwY3qMNuhxk=",
            "id": "my-rag-agent-example/roles/artifactregistry.writer/serviceAccount:my-rag-agent-from-gcs-rag@my-rag-agent-example.iam.gserviceaccount.com",
            "member": "serviceAccount:my-rag-agent-from-gcs-rag@my-rag-agent-example.iam.gserviceaccount.com",
            "project": "my-rag-agent-example",
            "role": "roles/artifactregistry.writer"
          },
          "sensitive_attributes": [],
          "identity_schema_version": 0,
          "private": "bnVsbA==",
          "dependencies": [
            "google_project_service.services",
            "google_service_account.vertexai_pipeline_app_sa"
          ]
        },
        {
          "index_key": "dev,roles/bigquery.connectionAdmin",
          "schema_version": 0,
          "attributes": {
            "condition": [],
            "etag": "BwY3qMNuhxk=",
            "id": "my-rag-agent-example/roles/bigquery.connectionAdmin/serviceAccount:my-rag-agent-from-gcs-rag@my-rag-agent-example.iam.gserviceaccount.com",
            "member": "serviceAccount:my-rag-agent-from-gcs-rag@my-rag-agent-example.iam.gserviceaccount.com",
            "project": "my-rag-agent-example",
            "role": "roles/bigquery.connectionAdmin"
          },
          "sensitive_attributes": [],
          "identity_schema_version": 0,
          "private": "bnVsbA==",
          "dependencies": [
            "google_project_service.services",
            "google_service_account.vertexai_pipeline_app_sa"
          ]
        },
        {
          "index_key": "dev,roles/bigquery.dataEditor",
          "schema_version": 0,
          "attributes": {
            "condition": [],
            "etag": "BwY3qMPkwa4=",
            "id": "my-rag-agent-example/roles/bigquery.dataEditor/serviceAccount:my-rag-agent-from-gcs-rag@my-rag-agent-example.iam.gserviceaccount.com",
            "member": "serviceAccount:my-rag-agent-from-gcs-rag@my-rag-agent-example.iam.gserviceaccount.com",
            "project": "my-rag-agent-example",
            "role": "roles/bigquery.dataEditor"
          },
          "sensitive_attributes": [],
          "identity_schema_version": 0,
          "private": "bnVsbA==",
          "dependencies": [
            "google_project_service.services",
            "google_service_account.vertexai_pipeline_app_sa"
          ]
        },
        {
          "index_key": "dev,roles/bigquery.jobUser",
          "schema_version": 0,
          "attributes": {
            "condition": [],
            "etag": "BwY3qMNuhxk=",
            "id": "my-rag-agent-example/roles/bigquery.jobUser/serviceAccount:my-rag-agent-from-gcs-rag@my-rag-agent-example.iam.gserviceaccount.com",
            "member": "serviceAccount:my-rag-agent-from-gcs-rag@my-rag-agent-example.iam.gserviceaccount.com",
            "project": "my-rag-agent-example",
            "role": "roles/bigquery.jobUser"
          },
          "sensitive_attributes": [],
          "identity_schema_version": 0,
          "private": "bnVsbA==",
          "dependencies": [
            "google_project_service.services",
            "google_service_account.vertexai_pipeline_app_sa"
          ]
        },
        {
          "index_key": "dev,roles/bigquery.readSessionUser",
          "schema_version": 0,
          "attributes": {
            "condition": [],
            "etag": "BwY3qMNuhxk=",
            "id": "my-rag-agent-example/roles/bigquery.readSessionUser/serviceAccount:my-rag-agent-from-gcs-rag@my-rag-agent-example.iam.gserviceaccount.com",
            "member": "serviceAccount:my-rag-agent-from-gcs-rag@my-rag-agent-example.iam.gserviceaccount.com",
            "project": "my-rag-agent-example",
            "role": "roles/bigquery.readSessionUser"
          },
          "sensitive_attributes": [],
          "identity_schema_version": 0,
          "private": "bnVsbA==",
          "dependencies": [
            "google_project_service.services",
            "google_service_account.vertexai_pipeline_app_sa"
          ]
        },
        {
          "index_key": "dev,roles/discoveryengine.admin",
          "schema_version": 0,
          "attributes": {
            "condition": [],
            "etag": "BwY3qMNuhxk=",
            "id": "my-rag-agent-example/roles/discoveryengine.admin/serviceAccount:my-rag-agent-from-gcs-rag@my-rag-agent-example.iam.gserviceaccount.com",
            "member": "serviceAccount:my-rag-agent-from-gcs-rag@my-rag-agent-example.iam.gserviceaccount.com",
            "project": "my-rag-agent-example",
            "role": "roles/discoveryengine.admin"
          },
          "sensitive_attributes": [],
          "identity_schema_version": 0,
          "private": "bnVsbA==",
          "dependencies": [
            "google_project_service.services",
            "google_service_account.vertexai_pipeline_app_sa"
          ]
        },
        {
          "index_key": "dev,roles/logging.logWriter",
          "schema_version": 0,
          "attributes": {
            "condition": [],
            "etag": "BwY3qMPkwa4=",
            "id": "my-rag-agent-example/roles/logging.logWriter/serviceAccount:my-rag-agent-from-gcs-rag@my-rag-agent-example.iam.gserviceaccount.com",
            "member": "serviceAccount:my-rag-agent-from-gcs-rag@my-rag-agent-example.iam.gserviceaccount.com",
            "project": "my-rag-agent-example",
            "role": "roles/logging.logWriter"
          },
          "sensitive_attributes": [],
          "identity_schema_version": 0,
          "private": "bnVsbA==",
          "dependencies": [
            "google_project_service.services",
            "google_service_account.vertexai_pipeline_app_sa"
          ]
        },
        {
          "index_key": "dev,roles/resourcemanager.projectIamAdmin",
          "schema_version": 0,
          "attributes": {
            "condition": [],
            "etag": "BwY3qMNuhxk=",
            "id": "my-rag-agent-example/roles/resourcemanager.projectIamAdmin/serviceAccount:my-rag-agent-from-gcs-rag@my-rag-agent-example.iam.gserviceaccount.com",
            "member": "serviceAccount:my-rag-agent-from-gcs-rag@my-rag-agent-example.iam.gserviceaccount.com",
            "project": "my-rag-agent-example",
            "role": "roles/resourcemanager.projectIamAdmin"
          },
          "sensitive_attributes": [],
          "identity_schema_version": 0,
          "private": "bnVsbA==",
          "dependencies": [
            "google_project_service.services",
            "google_service_account.vertexai_pipeline_app_sa"
          ]
        },
        {
          "index_key": "dev,roles/run.invoker",
          "schema_version": 0,
          "attributes": {
            "condition": [],
            "etag": "BwY3qMNuhxk=",
            "id": "my-rag-agent-example/roles/run.invoker/serviceAccount:my-rag-agent-from-gcs-rag@my-rag-agent-example.iam.gserviceaccount.com",
            "member": "serviceAccount:my-rag-agent-from-gcs-rag@my-rag-agent-example.iam.gserviceaccount.com",
            "project": "my-rag-agent-example",
            "role": "roles/run.invoker"
          },
          "sensitive_attributes": [],
          "identity_schema_version": 0,
          "private": "bnVsbA==",
          "dependencies": [
            "google_project_service.services",
            "google_service_account.vertexai_pipeline_app_sa"
          ]
        },
        {
          "index_key": "dev,roles/storage.admin",
          "schema_version": 0,
          "attributes": {
            "condition": [],
            "etag": "BwY3qMNuhxk=",
            "id": "my-rag-agent-example/roles/storage.admin/serviceAccount:my-rag-agent-from-gcs-rag@my-rag-agent-example.iam.gserviceaccount.com",
            "member": "serviceAccount:my-rag-agent-from-gcs-rag@my-rag-agent-example.iam.gserviceaccount.com",
            "project": "my-rag-agent-example",
            "role": "roles/storage.admin"
          },
          "sensitive_attributes": [],
          "identity_schema_version": 0,
          "private": "bnVsbA==",
          "dependencies": [
            "google_project_service.services",
            "google_service_account.vertexai_pipeline_app_sa"
          ]
        }
      ]
    },
    {
      "mode": "managed",
      "type": "google_project_service",
      "name": "services",
      "provider": "provider[\"registry.terraform.io/hashicorp/google\"]",
      "instances": [
        {
          "index_key": 0,
          "schema_version": 0,
          "attributes": {
            "disable_dependent_services": null,
            "disable_on_destroy": false,
            "id": "my-rag-agent-example/aiplatform.googleapis.com",
            "project": "my-rag-agent-example",
            "service": "aiplatform.googleapis.com",
            "timeouts": null
          },
          "sensitive_attributes": [],
          "identity_schema_version": 0,
          "private": "eyJlMmJmYjczMC1lY2FhLTExZTYtOGY4OC0zNDM2M2JjN2M0YzAiOnsiY3JlYXRlIjoxMjAwMDAwMDAwMDAwLCJkZWxldGUiOjEyMDAwMDAwMDAwMDAsInJlYWQiOjYwMDAwMDAwMDAwMCwidXBkYXRlIjoxMjAwMDAwMDAwMDAwfX0="
        },
        {
          "index_key": 1,
          "schema_version": 0,
          "attributes": {
            "disable_dependent_services": null,
            "disable_on_destroy": false,
            "id": "my-rag-agent-example/cloudbuild.googleapis.com",
            "project": "my-rag-agent-example",
            "service": "cloudbuild.googleapis.com",
            "timeouts": null
          },
          "sensitive_attributes": [],
          "identity_schema_version": 0,
          "private": "eyJlMmJmYjczMC1lY2FhLTExZTYtOGY4OC0zNDM2M2JjN2M0YzAiOnsiY3JlYXRlIjoxMjAwMDAwMDAwMDAwLCJkZWxldGUiOjEyMDAwMDAwMDAwMDAsInJlYWQiOjYwMDAwMDAwMDAwMCwidXBkYXRlIjoxMjAwMDAwMDAwMDAwfX0="
        },
        {
          "index_key": 2,
          "schema_version": 0,
          "attributes": {
            "disable_dependent_services": null,
            "disable_on_destroy": false,
            "id": "my-rag-agent-example/run.googleapis.com",
            "project": "my-rag-agent-example",
            "service": "run.googleapis.com",
            "timeouts": null
          },
          "sensitive_attributes": [],
          "identity_schema_version": 0,
          "private": "eyJlMmJmYjczMC1lY2FhLTExZTYtOGY4OC0zNDM2M2JjN2M0YzAiOnsiY3JlYXRlIjoxMjAwMDAwMDAwMDAwLCJkZWxldGUiOjEyMDAwMDAwMDAwMDAsInJlYWQiOjYwMDAwMDAwMDAwMCwidXBkYXRlIjoxMjAwMDAwMDAwMDAwfX0="
        },
        {
          "index_key": 3,
          "schema_version": 0,
          "attributes": {
            "disable_dependent_services": null,
            "disable_on_destroy": false,
            "id": "my-rag-agent-example/bigquery.googleapis.com",
            "project": "my-rag-agent-example",
            "service": "bigquery.googleapis.com",
            "timeouts": null
          },
          "sensitive_attributes": [],
          "identity_schema_version": 0,
          "private": "eyJlMmJmYjczMC1lY2FhLTExZTYtOGY4OC0zNDM2M2JjN2M0YzAiOnsiY3JlYXRlIjoxMjAwMDAwMDAwMDAwLCJkZWxldGUiOjEyMDAwMDAwMDAwMDAsInJlYWQiOjYwMDAwMDAwMDAwMCwidXBkYXRlIjoxMjAwMDAwMDAwMDAwfX0="
        },
        {
          "index_key": 4,
          "schema_version": 0,
          "attributes": {
            "disable_dependent_services": null,
            "disable_on_destroy": false,
            "id": "my-rag-agent-example/discoveryengine.googleapis.com",
            "project": "my-rag-agent-example",
            "service": "discoveryengine.googleapis.com",
            "timeouts": null
          },
          "sensitive_attributes": [],
          "identity_schema_version": 0,
          "private": "eyJlMmJmYjczMC1lY2FhLTExZTYtOGY4OC0zNDM2M2JjN2M0YzAiOnsiY3JlYXRlIjoxMjAwMDAwMDAwMDAwLCJkZWxldGUiOjEyMDAwMDAwMDAwMDAsInJlYWQiOjYwMDAwMDAwMDAwMCwidXBkYXRlIjoxMjAwMDAwMDAwMDAwfX0="
        },
        {
          "index_key": 5,
          "schema_version": 0,
          "attributes": {
            "disable_dependent_services": null,
            "disable_on_destroy": false,
            "id": "my-rag-agent-example/cloudresourcemanager.googleapis.com",
            "project": "my-rag-agent-example",
            "service": "cloudresourcemanager.googleapis.com",
            "timeouts": null
          },
          "sensitive_attributes": [],
          "identity_schema_version": 0,
          "private": "eyJlMmJmYjczMC1lY2FhLTExZTYtOGY4OC0zNDM2M2JjN2M0YzAiOnsiY3JlYXRlIjoxMjAwMDAwMDAwMDAwLCJkZWxldGUiOjEyMDAwMDAwMDAwMDAsInJlYWQiOjYwMDAwMDAwMDAwMCwidXBkYXRlIjoxMjAwMDAwMDAwMDAwfX0="
        },
        {
          "index_key": 6,
          "schema_version": 0,
          "attributes": {
            "disable_dependent_services": null,
            "disable_on_destroy": false,
            "id": "my-rag-agent-example/iam.googleapis.com",
            "project": "my-rag-agent-example",
            "service": "iam.googleapis.com",
            "timeouts": null
          },
          "sensitive_attributes": [],
          "identity_schema_version": 0,
          "private": "eyJlMmJmYjczMC1lY2FhLTExZTYtOGY4OC0zNDM2M2JjN2M0YzAiOnsiY3JlYXRlIjoxMjAwMDAwMDAwMDAwLCJkZWxldGUiOjEyMDAwMDAwMDAwMDAsInJlYWQiOjYwMDAwMDAwMDAwMCwidXBkYXRlIjoxMjAwMDAwMDAwMDAwfX0="
        },
        {
          "index_key": 7,
          "schema_version": 0,
          "attributes": {
            "disable_dependent_services": null,
            "disable_on_destroy": false,
            "id": "my-rag-agent-example/bigquery.googleapis.com",
            "project": "my-rag-agent-example",
            "service": "bigquery.googleapis.com",
            "timeouts": null
          },
          "sensitive_attributes": [],
          "identity_schema_version": 0,
          "private": "eyJlMmJmYjczMC1lY2FhLTExZTYtOGY4OC0zNDM2M2JjN2M0YzAiOnsiY3JlYXRlIjoxMjAwMDAwMDAwMDAwLCJkZWxldGUiOjEyMDAwMDAwMDAwMDAsInJlYWQiOjYwMDAwMDAwMDAwMCwidXBkYXRlIjoxMjAwMDAwMDAwMDAwfX0="
        },
        {
          "index_key": 8,
          "schema_version": 0,
          "attributes": {
            "disable_dependent_services": null,
            "disable_on_destroy": false,
            "id": "my-rag-agent-example/serviceusage.googleapis.com",
            "project": "my-rag-agent-example",
            "service": "serviceusage.googleapis.com",
            "timeouts": null
          },
          "sensitive_attributes": [],
          "identity_schema_version": 0,
          "private": "eyJlMmJmYjczMC1lY2FhLTExZTYtOGY4OC0zNDM2M2JjN2M0YzAiOnsiY3JlYXRlIjoxMjAwMDAwMDAwMDAwLCJkZWxldGUiOjEyMDAwMDAwMDAwMDAsInJlYWQiOjYwMDAwMDAwMDAwMCwidXBkYXRlIjoxMjAwMDAwMDAwMDAwfX0="
        },
        {
          "index_key": 9,
          "schema_version": 0,
          "attributes": {
            "disable_dependent_services": null,
            "disable_on_destroy": false,
            "id": "my-rag-agent-example/logging.googleapis.com",
            "project": "my-rag-agent-example",
            "service": "logging.googleapis.com",
            "timeouts": null
          },
          "sensitive_attributes": [],
          "identity_schema_version": 0,
          "private": "eyJlMmJmYjczMC1lY2FhLTExZTYtOGY4OC0zNDM2M2JjN2M0YzAiOnsiY3JlYXRlIjoxMjAwMDAwMDAwMDAwLCJkZWxldGUiOjEyMDAwMDAwMDAwMDAsInJlYWQiOjYwMDAwMDAwMDAwMCwidXBkYXRlIjoxMjAwMDAwMDAwMDAwfX0="
        },
        {
          "index_key": 10,
          "schema_version": 0,
          "attributes": {
            "disable_dependent_services": null,
            "disable_on_destroy": false,
            "id": "my-rag-agent-example/cloudtrace.googleapis.com",
            "project": "my-rag-agent-example",
            "service": "cloudtrace.googleapis.com",
            "timeouts": null
          },
          "sensitive_attributes": [],
          "identity_schema_version": 0,
          "private": "eyJlMmJmYjczMC1lY2FhLTExZTYtOGY4OC0zNDM2M2JjN2M0YzAiOnsiY3JlYXRlIjoxMjAwMDAwMDAwMDAwLCJkZWxldGUiOjEyMDAwMDAwMDAwMDAsInJlYWQiOjYwMDAwMDAwMDAwMCwidXBkYXRlIjoxMjAwMDAwMDAwMDAwfX0="
        }
      ]
    },
    {
      "mode": "managed",
      "type": "google_project_service_identity",
      "name": "vertex_sa",
      "provider": "provider[\"registry.terraform.io/hashicorp/google-beta\"]",
      "instances": [
        {
          "schema_version": 0,
          "attributes": {
            "email": "service-305276907575@gcp-sa-aiplatform.iam.gserviceaccount.com",
            "id": "projects/my-rag-agent-example/services/aiplatform.googleapis.com",
            "member": "serviceAccount:service-305276907575@gcp-sa-aiplatform.iam.gserviceaccount.com",
            "project": "my-rag-agent-example",
            "service": "aiplatform.googleapis.com",
            "timeouts": null
          },
          "sensitive_attributes": [],
          "identity_schema_version": 0,
          "private": "eyJlMmJmYjczMC1lY2FhLTExZTYtOGY4OC0zNDM2M2JjN2M0YzAiOnsiY3JlYXRlIjoxMjAwMDAwMDAwMDAwLCJkZWxldGUiOjEyMDAwMDAwMDAwMDAsInJlYWQiOjYwMDAwMDAwMDAwMH19"
        }
      ]
    },
    {
      "mode": "managed",
      "type": "google_service_account",
      "name": "vertexai_pipeline_app_sa",
      "provider": "provider[\"registry.terraform.io/hashicorp/google\"]",
      "instances": [
        {
          "index_key": "dev",
          "schema_version": 0,
          "attributes": {
            "account_id": "my-rag-agent-from-gcs-rag",
            "create_ignore_already_exists": null,
            "description": "",
            "disabled": false,
            "display_name": "Vertex AI Pipeline app SA",
            "email": "my-rag-agent-from-gcs-rag@my-rag-agent-example.iam.gserviceaccount.com",
            "id": "projects/my-rag-agent-example/serviceAccounts/my-rag-agent-from-gcs-rag@my-rag-agent-example.iam.gserviceaccount.com",
            "member": "serviceAccount:my-rag-agent-from-gcs-rag@my-rag-agent-example.iam.gserviceaccount.com",
            "name": "projects/my-rag-agent-example/serviceAccounts/my-rag-agent-from-gcs-rag@my-rag-agent-example.iam.gserviceaccount.com",
            "project": "my-rag-agent-example",
            "timeouts": null,
            "unique_id": "116923454656295738719"
          },
          "sensitive_attributes": [],
          "identity_schema_version": 0,
          "private": "eyJlMmJmYjczMC1lY2FhLTExZTYtOGY4OC0zNDM2M2JjN2M0YzAiOnsiY3JlYXRlIjozMDAwMDAwMDAwMDB9fQ==",
          "dependencies": [
            "google_project_service.services"
          ]
        }
      ]
    },
    {
      "mode": "managed",
      "type": "google_storage_bucket",
      "name": "data_ingestion_PIPELINE_GCS_ROOT",
      "provider": "provider[\"registry.terraform.io/hashicorp/google\"]",
      "instances": [
        {
          "schema_version": 3,
          "attributes": {
            "autoclass": [],
            "cors": [],
            "custom_placement_config": [],
            "default_event_based_hold": false,
            "effective_labels": {
              "goog-terraform-provisioned": "true"
            },
            "enable_object_retention": false,
            "encryption": [],
            "force_destroy": true,
            "hierarchical_namespace": [
              {
                "enabled": false
              }
            ],
            "id": "my-rag-agent-example-my-rag-agent-from-gcs-rag",
            "ip_filter": [],
            "labels": null,
            "lifecycle_rule": [],
            "location": "US-CENTRAL1",
            "logging": [],
            "name": "my-rag-agent-example-my-rag-agent-from-gcs-rag",
            "project": "my-rag-agent-example",
            "project_number": 305276907575,
            "public_access_prevention": "inherited",
            "requester_pays": false,
            "retention_policy": [],
            "rpo": null,
            "self_link": "https://www.googleapis.com/storage/v1/b/my-rag-agent-example-my-rag-agent-from-gcs-rag",
            "soft_delete_policy": [
              {
                "effective_time": "2025-06-16T04:23:39.252Z",
                "retention_duration_seconds": 604800
              }
            ],
            "storage_class": "STANDARD",
            "terraform_labels": {
              "goog-terraform-provisioned": "true"
            },
            "time_created": "2025-06-16T04:23:39.252Z",
            "timeouts": null,
            "uniform_bucket_level_access": true,
            "updated": "2025-06-16T04:23:39.252Z",
            "url": "gs://my-rag-agent-example-my-rag-agent-from-gcs-rag",
            "versioning": [],
            "website": []
          },
          "sensitive_attributes": [],
          "identity_schema_version": 0,
          "private": "eyJlMmJmYjczMC1lY2FhLTExZTYtOGY4OC0zNDM2M2JjN2M0YzAiOnsiY3JlYXRlIjo2MDAwMDAwMDAwMDAsInJlYWQiOjI0MDAwMDAwMDAwMCwidXBkYXRlIjoyNDAwMDAwMDAwMDB9LCJzY2hlbWFfdmVyc2lvbiI6IjMifQ==",
          "dependencies": [
            "google_project_service.services"
          ]
        }
      ]
    },
    {
      "mode": "managed",
      "type": "google_storage_bucket",
      "name": "logs_data_bucket",
      "provider": "provider[\"registry.terraform.io/hashicorp/google\"]",
      "instances": [
        {
          "schema_version": 3,
          "attributes": {
            "autoclass": [],
            "cors": [],
            "custom_placement_config": [],
            "default_event_based_hold": false,
            "effective_labels": {
              "goog-terraform-provisioned": "true"
            },
            "enable_object_retention": false,
            "encryption": [],
            "force_destroy": false,
            "hierarchical_namespace": [
              {
                "enabled": false
              }
            ],
            "id": "my-rag-agent-example-my-rag-agent-from-gcs-logs-data",
            "ip_filter": [],
            "labels": null,
            "lifecycle_rule": [],
            "location": "US-CENTRAL1",
            "logging": [],
            "name": "my-rag-agent-example-my-rag-agent-from-gcs-logs-data",
            "project": "my-rag-agent-example",
            "project_number": 305276907575,
            "public_access_prevention": "inherited",
            "requester_pays": false,
            "retention_policy": [],
            "rpo": null,
            "self_link": "https://www.googleapis.com/storage/v1/b/my-rag-agent-example-my-rag-agent-from-gcs-logs-data",
            "soft_delete_policy": [
              {
                "effective_time": "2025-06-16T04:23:39.349Z",
                "retention_duration_seconds": 604800
              }
            ],
            "storage_class": "STANDARD",
            "terraform_labels": {
              "goog-terraform-provisioned": "true"
            },
            "time_created": "2025-06-16T04:23:39.349Z",
            "timeouts": null,
            "uniform_bucket_level_access": true,
            "updated": "2025-06-16T04:23:39.349Z",
            "url": "gs://my-rag-agent-example-my-rag-agent-from-gcs-logs-data",
            "versioning": [],
            "website": []
          },
          "sensitive_attributes": [],
          "identity_schema_version": 0,
          "private": "eyJlMmJmYjczMC1lY2FhLTExZTYtOGY4OC0zNDM2M2JjN2M0YzAiOnsiY3JlYXRlIjo2MDAwMDAwMDAwMDAsInJlYWQiOjI0MDAwMDAwMDAwMCwidXBkYXRlIjoyNDAwMDAwMDAwMDB9LCJzY2hlbWFfdmVyc2lvbiI6IjMifQ==",
          "dependencies": [
            "google_project_service.services"
          ]
        }
      ]
    },
    {
      "mode": "managed",
      "type": "google_storage_bucket",
      "name": "vector_search_data_bucket",
      "provider": "provider[\"registry.terraform.io/hashicorp/google\"]",
      "instances": [
        {
          "schema_version": 3,
          "attributes": {
            "autoclass": [],
            "cors": [],
            "custom_placement_config": [],
            "default_event_based_hold": false,
            "effective_labels": {
              "goog-terraform-provisioned": "true"
            },
            "enable_object_retention": false,
            "encryption": [],
            "force_destroy": true,
            "hierarchical_namespace": [
              {
                "enabled": false
              }
            ],
            "id": "my-rag-agent-example-my-rag-agent-from-gcs-vs",
            "ip_filter": [],
            "labels": null,
            "lifecycle_rule": [],
            "location": "US-CENTRAL1",
            "logging": [],
            "name": "my-rag-agent-example-my-rag-agent-from-gcs-vs",
            "project": "my-rag-agent-example",
            "project_number": 305276907575,
            "public_access_prevention": "inherited",
            "requester_pays": false,
            "retention_policy": [],
            "rpo": null,
            "self_link": "https://www.googleapis.com/storage/v1/b/my-rag-agent-example-my-rag-agent-from-gcs-vs",
            "soft_delete_policy": [
              {
                "effective_time": "2025-06-16T04:23:38.890Z",
                "retention_duration_seconds": 604800
              }
            ],
            "storage_class": "STANDARD",
            "terraform_labels": {
              "goog-terraform-provisioned": "true"
            },
            "time_created": "2025-06-16T04:23:38.890Z",
            "timeouts": null,
            "uniform_bucket_level_access": true,
            "updated": "2025-06-16T04:23:38.890Z",
            "url": "gs://my-rag-agent-example-my-rag-agent-from-gcs-vs",
            "versioning": [],
            "website": []
          },
          "sensitive_attributes": [],
          "identity_schema_version": 0,
          "private": "eyJlMmJmYjczMC1lY2FhLTExZTYtOGY4OC0zNDM2M2JjN2M0YzAiOnsiY3JlYXRlIjo2MDAwMDAwMDAwMDAsInJlYWQiOjI0MDAwMDAwMDAwMCwidXBkYXRlIjoyNDAwMDAwMDAwMDB9LCJzY2hlbWFfdmVyc2lvbiI6IjMifQ==",
          "dependencies": [
            "google_project_service.services"
          ]
        }
      ]
    },
    {
      "mode": "managed",
      "type": "google_vertex_ai_index",
      "name": "vector_search_index",
      "provider": "provider[\"registry.terraform.io/hashicorp/google\"]",
      "instances": [
        {
          "schema_version": 0,
          "attributes": {
            "create_time": "2025-06-16T04:23:32.177723Z",
            "deployed_indexes": [],
            "description": "vector search index for test",
            "display_name": "my-rag-agent-from-gcs-vector-search",
            "effective_labels": {
              "goog-terraform-provisioned": "true"
            },
            "etag": null,
            "id": "projects/my-rag-agent-example/locations/us-central1/indexes/3418058394337017856",
            "index_stats": [
              {
                "shards_count": 1,
                "vectors_count": ""
              }
            ],
            "index_update_method": "STREAM_UPDATE",
            "labels": null,
            "metadata": [
              {
                "config": [
                  {
                    "algorithm_config": [
                      {
                        "brute_force_config": [],
                        "tree_ah_config": [
                          {
                            "leaf_node_embedding_count": 1000,
                            "leaf_nodes_to_search_percent": 10
                          }
                        ]
                      }
                    ],
                    "approximate_neighbors_count": 150,
                    "dimensions": 768,
                    "distance_measure_type": "DOT_PRODUCT_DISTANCE",
                    "feature_norm_type": "NONE",
                    "shard_size": "SHARD_SIZE_SMALL"
                  }
                ],
                "contents_delta_uri": "",
                "is_complete_overwrite": false
              }
            ],
            "metadata_schema_uri": "gs://google-cloud-aiplatform/schema/matchingengine/metadata/nearest_neighbor_search_1.0.0.yaml",
            "name": "3418058394337017856",
            "project": "my-rag-agent-example",
            "region": "us-central1",
            "terraform_labels": {
              "goog-terraform-provisioned": "true"
            },
            "timeouts": null,
            "update_time": "2025-06-16T04:25:27.591052Z"
          },
          "sensitive_attributes": [],
          "identity_schema_version": 0,
          "private": "eyJlMmJmYjczMC1lY2FhLTExZTYtOGY4OC0zNDM2M2JjN2M0YzAiOnsiY3JlYXRlIjoxMDgwMDAwMDAwMDAwMCwiZGVsZXRlIjoxMDgwMDAwMDAwMDAwMCwidXBkYXRlIjoxMDgwMDAwMDAwMDAwMH19"
        }
      ]
    },
    {
      "mode": "managed",
      "type": "google_vertex_ai_index_endpoint",
      "name": "vector_search_index_endpoint",
      "provider": "provider[\"registry.terraform.io/hashicorp/google\"]",
      "instances": [
        {
          "schema_version": 0,
          "attributes": {
            "create_time": "2025-06-16T04:25:34.277540Z",
            "description": "",
            "display_name": "my-rag-agent-from-gcs-vector-search-endpoint",
            "effective_labels": {
              "goog-terraform-provisioned": "true"
            },
            "etag": null,
            "id": "projects/my-rag-agent-example/locations/us-central1/indexEndpoints/513447740915580928",
            "labels": null,
            "name": "513447740915580928",
            "network": "",
            "private_service_connect_config": [
              {
                "enable_private_service_connect": false,
                "project_allowlist": []
              }
            ],
            "project": "my-rag-agent-example",
            "public_endpoint_domain_name": "53084829.us-central1-305276907575.vdb.vertexai.goog",
            "public_endpoint_enabled": true,
            "region": "us-central1",
            "terraform_labels": {
              "goog-terraform-provisioned": "true"
            },
            "timeouts": null,
            "update_time": "2025-06-16T04:25:36.039445Z"
          },
          "sensitive_attributes": [],
          "identity_schema_version": 0,
          "private": "eyJlMmJmYjczMC1lY2FhLTExZTYtOGY4OC0zNDM2M2JjN2M0YzAiOnsiY3JlYXRlIjoxMjAwMDAwMDAwMDAwLCJkZWxldGUiOjEyMDAwMDAwMDAwMDAsInVwZGF0ZSI6MTIwMDAwMDAwMDAwMH19",
          "dependencies": [
            "google_vertex_ai_index.vector_search_index"
          ]
        }
      ]
    },
    {
      "mode": "managed",
      "type": "google_vertex_ai_index_endpoint_deployed_index",
      "name": "vector_search_index_deployment",
      "provider": "provider[\"registry.terraform.io/hashicorp/google\"]",
      "instances": [
        {
          "schema_version": 0,
          "attributes": {
            "automatic_resources": [],
            "create_time": "2025-06-16T04:25:44.917275Z",
            "dedicated_resources": [
              {
                "machine_spec": [
                  {
                    "machine_type": "e2-standard-2"
                  }
                ],
                "max_replica_count": 1,
                "min_replica_count": 1
              }
            ],
            "deployed_index_auth_config": [],
            "deployed_index_id": "my_rag_agent_from_gcs_deployed_index",
            "deployment_group": "default",
            "display_name": "",
            "enable_access_logging": false,
            "id": "projects/my-rag-agent-example/locations/us-central1/indexEndpoints/513447740915580928/deployedIndex/my_rag_agent_from_gcs_deployed_index",
            "index": "projects/305276907575/locations/us-central1/indexes/3418058394337017856",
            "index_endpoint": "projects/my-rag-agent-example/locations/us-central1/indexEndpoints/513447740915580928",
            "index_sync_time": "2025-06-16T04:51:31.862151Z",
            "name": "",
            "private_endpoints": [],
            "reserved_ip_ranges": null,
            "timeouts": null
          },
          "sensitive_attributes": [],
          "identity_schema_version": 0,
          "private": "eyJlMmJmYjczMC1lY2FhLTExZTYtOGY4OC0zNDM2M2JjN2M0YzAiOnsiY3JlYXRlIjoyNzAwMDAwMDAwMDAwLCJkZWxldGUiOjEyMDAwMDAwMDAwMDAsInVwZGF0ZSI6MjcwMDAwMDAwMDAwMH19",
          "dependencies": [
            "google_vertex_ai_index.vector_search_index",
            "google_vertex_ai_index_endpoint.vector_search_index_endpoint"
          ]
        }
      ]
    },
    {
      "module": "module.feedback_export_to_bigquery",
      "mode": "managed",
      "type": "google_logging_project_sink",
      "name": "sink",
      "provider": "provider[\"registry.terraform.io/hashicorp/google\"]",
      "instances": [
        {
          "index_key": 0,
          "schema_version": 0,
          "attributes": {
            "bigquery_options": [
              {
                "use_partitioned_tables": true
              }
            ],
            "custom_writer_identity": null,
            "description": "",
            "destination": "bigquery.googleapis.com/projects/my-rag-agent-example/datasets/my_rag_agent_from_gcs_feedback",
            "disabled": false,
            "exclusions": [],
            "filter": "jsonPayload.log_type=\"feedback\" jsonPayload.service_name=\"my-rag-agent-from-gcs\"",
            "id": "projects/my-rag-agent-example/sinks/my-rag-agent-from-gcs_feedback",
            "name": "my-rag-agent-from-gcs_feedback",
            "project": "my-rag-agent-example",
            "unique_writer_identity": true,
            "writer_identity": "serviceAccount:service-305276907575@gcp-sa-logging.iam.gserviceaccount.com"
          },
          "sensitive_attributes": [],
          "identity_schema_version": 0,
          "private": "bnVsbA==",
          "dependencies": [
            "google_bigquery_dataset.feedback_dataset",
            "google_project_service.services"
          ]
        }
      ]
    },
    {
      "module": "module.log_export_to_bigquery",
      "mode": "managed",
      "type": "google_logging_project_sink",
      "name": "sink",
      "provider": "provider[\"registry.terraform.io/hashicorp/google\"]",
      "instances": [
        {
          "index_key": 0,
          "schema_version": 0,
          "attributes": {
            "bigquery_options": [
              {
                "use_partitioned_tables": true
              }
            ],
            "custom_writer_identity": null,
            "description": "",
            "destination": "bigquery.googleapis.com/projects/my-rag-agent-example/datasets/my_rag_agent_from_gcs_telemetry",
            "disabled": false,
            "exclusions": [],
            "filter": "labels.service_name=\"my-rag-agent-from-gcs\" labels.type=\"agent_telemetry\"",
            "id": "projects/my-rag-agent-example/sinks/my-rag-agent-from-gcs_telemetry",
            "name": "my-rag-agent-from-gcs_telemetry",
            "project": "my-rag-agent-example",
            "unique_writer_identity": true,
            "writer_identity": "serviceAccount:service-305276907575@gcp-sa-logging.iam.gserviceaccount.com"
          },
          "sensitive_attributes": [],
          "identity_schema_version": 0,
          "private": "bnVsbA==",
          "dependencies": [
            "google_bigquery_dataset.telemetry_logs_dataset",
            "google_project_service.services"
          ]
        }
      ]
    }
  ],
  "check_results": null
}
